
Microsoft Visual Studio Solution File, Format Version 12.00
# Visual Studio 15
VisualStudioVersion = 15.0.28010.2016
MinimumVisualStudioVersion = 10.0.40219.1
Project("{FAE04EC0-301F-11D3-BF4B-00C04F79EFBC}") = "ParkMyTruck.Android", "ParkMyTruck\ParkMyTruck.Android\ParkMyTruck.Android.csproj", "{24CE3C36-16B9-426D-AA0C-5961ECF8D88C}"
EndProject
Project("{FAE04EC0-301F-11D3-BF4B-00C04F79EFBC}") = "ParkMyTruck.iOS", "ParkMyTruck\ParkMyTruck.iOS\ParkMyTruck.iOS.csproj", "{15EEA983-CA10-4ECB-91F0-5420F0BC98F0}"
EndProject
Project("{FAE04EC0-301F-11D3-BF4B-00C04F79EFBC}") = "ParkMyTruck.UWP", "ParkMyTruck\ParkMyTruck.UWP\ParkMyTruck.UWP.csproj", "{5B5C6066-574F-43C2-8D02-9E3AD7379EC1}"
EndProject
Project("{FAE04EC0-301F-11D3-BF4B-00C04F79EFBC}") = "ParkMyTruck", "ParkMyTruck\ParkMyTruck\ParkMyTruck.csproj", "{EFA6E7AD-2D88-486D-B4DB-149CDDE0497C}"
EndProject
Global
	GlobalSection(SolutionConfigurationPlatforms) = preSolution
		Debug|Any CPU = Debug|Any CPU
		Debug|ARM = Debug|ARM
		Debug|iPhone = Debug|iPhone
		Debug|iPhoneSimulator = Debug|iPhoneSimulator
		Debug|x64 = Debug|x64
		Debug|x86 = Debug|x86
		Release|Any CPU = Release|Any CPU
		Release|ARM = Release|ARM
		Release|iPhone = Release|iPhone
		Release|iPhoneSimulator = Release|iPhoneSimulator
		Release|x64 = Release|x64
		Release|x86 = Release|x86
	EndGlobalSection
	GlobalSection(ProjectConfigurationPlatforms) = postSolution
		{24CE3C36-16B9-426D-AA0C-5961ECF8D88C}.Debug|Any CPU.ActiveCfg = Debug|Any CPU
		{24CE3C36-16B9-426D-AA0C-5961ECF8D88C}.Debug|Any CPU.Build.0 = Debug|Any CPU
		{24CE3C36-16B9-426D-AA0C-5961ECF8D88C}.Debug|Any CPU.Deploy.0 = Debug|Any CPU
		{24CE3C36-16B9-426D-AA0C-5961ECF8D88C}.Debug|ARM.ActiveCfg = Debug|Any CPU
		{24CE3C36-16B9-426D-AA0C-5961ECF8D88C}.Debug|ARM.Build.0 = Debug|Any CPU
		{24CE3C36-16B9-426D-AA0C-5961ECF8D88C}.Debug|ARM.Deploy.0 = Debug|Any CPU
		{24CE3C36-16B9-426D-AA0C-5961ECF8D88C}.Debug|iPhone.ActiveCfg = Debug|Any CPU
		{24CE3C36-16B9-426D-AA0C-5961ECF8D88C}.Debug|iPhone.Build.0 = Debug|Any CPU
		{24CE3C36-16B9-426D-AA0C-5961ECF8D88C}.Debug|iPhone.Deploy.0 = Debug|Any CPU
		{24CE3C36-16B9-426D-AA0C-5961ECF8D88C}.Debug|iPhoneSimulator.ActiveCfg = Debug|Any CPU
		{24CE3C36-16B9-426D-AA0C-5961ECF8D88C}.Debug|iPhoneSimulator.Build.0 = Debug|Any CPU
		{24CE3C36-16B9-426D-AA0C-5961ECF8D88C}.Debug|iPhoneSimulator.Deploy.0 = Debug|Any CPU
		{24CE3C36-16B9-426D-AA0C-5961ECF8D88C}.Debug|x64.ActiveCfg = Debug|Any CPU
		{24CE3C36-16B9-426D-AA0C-5961ECF8D88C}.Debug|x64.Build.0 = Debug|Any CPU
		{24CE3C36-16B9-426D-AA0C-5961ECF8D88C}.Debug|x64.Deploy.0 = Debug|Any CPU
		{24CE3C36-16B9-426D-AA0C-5961ECF8D88C}.Debug|x86.ActiveCfg = Debug|Any CPU
		{24CE3C36-16B9-426D-AA0C-5961ECF8D88C}.Debug|x86.Build.0 = Debug|Any CPU
		{24CE3C36-16B9-426D-AA0C-5961ECF8D88C}.Debug|x86.Deploy.0 = Debug|Any CPU
		{24CE3C36-16B9-426D-AA0C-5961ECF8D88C}.Release|Any CPU.ActiveCfg = Release|Any CPU
		{24CE3C36-16B9-426D-AA0C-5961ECF8D88C}.Release|Any CPU.Build.0 = Release|Any CPU
		{24CE3C36-16B9-426D-AA0C-5961ECF8D88C}.Release|Any CPU.Deploy.0 = Release|Any CPU
		{24CE3C36-16B9-426D-AA0C-5961ECF8D88C}.Release|ARM.ActiveCfg = Release|Any CPU
		{24CE3C36-16B9-426D-AA0C-5961ECF8D88C}.Release|ARM.Build.0 = Release|Any CPU
		{24CE3C36-16B9-426D-AA0C-5961ECF8D88C}.Release|ARM.Deploy.0 = Release|Any CPU
		{24CE3C36-16B9-426D-AA0C-5961ECF8D88C}.Release|iPhone.ActiveCfg = Release|Any CPU
		{24CE3C36-16B9-426D-AA0C-5961ECF8D88C}.Release|iPhone.Build.0 = Release|Any CPU
		{24CE3C36-16B9-426D-AA0C-5961ECF8D88C}.Release|iPhone.Deploy.0 = Release|Any CPU
		{24CE3C36-16B9-426D-AA0C-5961ECF8D88C}.Release|iPhoneSimulator.ActiveCfg = Release|Any CPU
		{24CE3C36-16B9-426D-AA0C-5961ECF8D88C}.Release|iPhoneSimulator.Build.0 = Release|Any CPU
		{24CE3C36-16B9-426D-AA0C-5961ECF8D88C}.Release|iPhoneSimulator.Deploy.0 = Release|Any CPU
		{24CE3C36-16B9-426D-AA0C-5961ECF8D88C}.Release|x64.ActiveCfg = Release|Any CPU
		{24CE3C36-16B9-426D-AA0C-5961ECF8D88C}.Release|x64.Build.0 = Release|Any CPU
		{24CE3C36-16B9-426D-AA0C-5961ECF8D88C}.Release|x64.Deploy.0 = Release|Any CPU
		{24CE3C36-16B9-426D-AA0C-5961ECF8D88C}.Release|x86.ActiveCfg = Release|Any CPU
		{24CE3C36-16B9-426D-AA0C-5961ECF8D88C}.Release|x86.Build.0 = Release|Any CPU
		{24CE3C36-16B9-426D-AA0C-5961ECF8D88C}.Release|x86.Deploy.0 = Release|Any CPU
		{15EEA983-CA10-4ECB-91F0-5420F0BC98F0}.Debug|Any CPU.ActiveCfg = Debug|iPhoneSimulator
		{15EEA983-CA10-4ECB-91F0-5420F0BC98F0}.Debug|Any CPU.Build.0 = Debug|iPhoneSimulator
		{15EEA983-CA10-4ECB-91F0-5420F0BC98F0}.Debug|Any CPU.Deploy.0 = Debug|iPhoneSimulator
		{15EEA983-CA10-4ECB-91F0-5420F0BC98F0}.Debug|ARM.ActiveCfg = Debug|iPhone
		{15EEA983-CA10-4ECB-91F0-5420F0BC98F0}.Debug|ARM.Build.0 = Debug|iPhone
		{15EEA983-CA10-4ECB-91F0-5420F0BC98F0}.Debug|ARM.Deploy.0 = Debug|iPhone
		{15EEA983-CA10-4ECB-91F0-5420F0BC98F0}.Debug|iPhone.ActiveCfg = Debug|iPhone
		{15EEA983-CA10-4ECB-91F0-5420F0BC98F0}.Debug|iPhone.Build.0 = Debug|iPhone
		{15EEA983-CA10-4ECB-91F0-5420F0BC98F0}.Debug|iPhone.Deploy.0 = Debug|iPhone
		{15EEA983-CA10-4ECB-91F0-5420F0BC98F0}.Debug|iPhoneSimulator.ActiveCfg = Debug|iPhoneSimulator
		{15EEA983-CA10-4ECB-91F0-5420F0BC98F0}.Debug|iPhoneSimulator.Build.0 = Debug|iPhoneSimulator
		{15EEA983-CA10-4ECB-91F0-5420F0BC98F0}.Debug|iPhoneSimulator.Deploy.0 = Debug|iPhoneSimulator
		{15EEA983-CA10-4ECB-91F0-5420F0BC98F0}.Debug|x64.ActiveCfg = Debug|iPhone
		{15EEA983-CA10-4ECB-91F0-5420F0BC98F0}.Debug|x64.Build.0 = Debug|iPhone
		{15EEA983-CA10-4ECB-91F0-5420F0BC98F0}.Debug|x64.Deploy.0 = Debug|iPhone
		{15EEA983-CA10-4ECB-91F0-5420F0BC98F0}.Debug|x86.ActiveCfg = Debug|iPhone
		{15EEA983-CA10-4ECB-91F0-5420F0BC98F0}.Debug|x86.Build.0 = Debug|iPhone
		{15EEA983-CA10-4ECB-91F0-5420F0BC98F0}.Debug|x86.Deploy.0 = Debug|iPhone
		{15EEA983-CA10-4ECB-91F0-5420F0BC98F0}.Release|Any CPU.ActiveCfg = Release|iPhone
		{15EEA983-CA10-4ECB-91F0-5420F0BC98F0}.Release|Any CPU.Build.0 = Release|iPhone
		{15EEA983-CA10-4ECB-91F0-5420F0BC98F0}.Release|Any CPU.Deploy.0 = Release|iPhone
		{15EEA983-CA10-4ECB-91F0-5420F0BC98F0}.Release|ARM.ActiveCfg = Release|iPhone
		{15EEA983-CA10-4ECB-91F0-5420F0BC98F0}.Release|ARM.Build.0 = Release|iPhone
		{15EEA983-CA10-4ECB-91F0-5420F0BC98F0}.Release|ARM.Deploy.0 = Release|iPhone
		{15EEA983-CA10-4ECB-91F0-5420F0BC98F0}.Release|iPhone.ActiveCfg = Release|iPhone
		{15EEA983-CA10-4ECB-91F0-5420F0BC98F0}.Release|iPhone.Build.0 = Release|iPhone
		{15EEA983-CA10-4ECB-91F0-5420F0BC98F0}.Release|iPhone.Deploy.0 = Release|iPhone
		{15EEA983-CA10-4ECB-91F0-5420F0BC98F0}.Release|iPhoneSimulator.ActiveCfg = Release|iPhoneSimulator
		{15EEA983-CA10-4ECB-91F0-5420F0BC98F0}.Release|iPhoneSimulator.Build.0 = Release|iPhoneSimulator
		{15EEA983-CA10-4ECB-91F0-5420F0BC98F0}.Release|iPhoneSimulator.Deploy.0 = Release|iPhoneSimulator
		{15EEA983-CA10-4ECB-91F0-5420F0BC98F0}.Release|x64.ActiveCfg = Release|iPhone
		{15EEA983-CA10-4ECB-91F0-5420F0BC98F0}.Release|x64.Build.0 = Release|iPhone
		{15EEA983-CA10-4ECB-91F0-5420F0BC98F0}.Release|x64.Deploy.0 = Release|iPhone
		{15EEA983-CA10-4ECB-91F0-5420F0BC98F0}.Release|x86.ActiveCfg = Release|iPhone
		{15EEA983-CA10-4ECB-91F0-5420F0BC98F0}.Release|x86.Build.0 = Release|iPhone
		{15EEA983-CA10-4ECB-91F0-5420F0BC98F0}.Release|x86.Deploy.0 = Release|iPhone
		{5B5C6066-574F-43C2-8D02-9E3AD7379EC1}.Debug|Any CPU.ActiveCfg = Debug|x86
		{5B5C6066-574F-43C2-8D02-9E3AD7379EC1}.Debug|Any CPU.Build.0 = Debug|x86
		{5B5C6066-574F-43C2-8D02-9E3AD7379EC1}.Debug|Any CPU.Deploy.0 = Debug|x86
		{5B5C6066-574F-43C2-8D02-9E3AD7379EC1}.Debug|ARM.ActiveCfg = Debug|ARM
		{5B5C6066-574F-43C2-8D02-9E3AD7379EC1}.Debug|ARM.Build.0 = Debug|ARM
		{5B5C6066-574F-43C2-8D02-9E3AD7379EC1}.Debug|ARM.Deploy.0 = Debug|ARM
		{5B5C6066-574F-43C2-8D02-9E3AD7379EC1}.Debug|iPhone.ActiveCfg = Debug|x86
		{5B5C6066-574F-43C2-8D02-9E3AD7379EC1}.Debug|iPhone.Build.0 = Debug|x86
		{5B5C6066-574F-43C2-8D02-9E3AD7379EC1}.Debug|iPhone.Deploy.0 = Debug|x86
		{5B5C6066-574F-43C2-8D02-9E3AD7379EC1}.Debug|iPhoneSimulator.ActiveCfg = Debug|x86
		{5B5C6066-574F-43C2-8D02-9E3AD7379EC1}.Debug|iPhoneSimulator.Build.0 = Debug|x86
		{5B5C6066-574F-43C2-8D02-9E3AD7379EC1}.Debug|iPhoneSimulator.Deploy.0 = Debug|x86
		{5B5C6066-574F-43C2-8D02-9E3AD7379EC1}.Debug|x64.ActiveCfg = Debug|x64
		{5B5C6066-574F-43C2-8D02-9E3AD7379EC1}.Debug|x64.Build.0 = Debug|x64
		{5B5C6066-574F-43C2-8D02-9E3AD7379EC1}.Debug|x64.Deploy.0 = Debug|x64
		{5B5C6066-574F-43C2-8D02-9E3AD7379EC1}.Debug|x86.ActiveCfg = Debug|x86
		{5B5C6066-574F-43C2-8D02-9E3AD7379EC1}.Debug|x86.Build.0 = Debug|x86
		{5B5C6066-574F-43C2-8D02-9E3AD7379EC1}.Debug|x86.Deploy.0 = Debug|x86
		{5B5C6066-574F-43C2-8D02-9E3AD7379EC1}.Release|Any CPU.ActiveCfg = Release|x86
		{5B5C6066-574F-43C2-8D02-9E3AD7379EC1}.Release|Any CPU.Build.0 = Release|x86
		{5B5C6066-574F-43C2-8D02-9E3AD7379EC1}.Release|Any CPU.Deploy.0 = Release|x86
		{5B5C6066-574F-43C2-8D02-9E3AD7379EC1}.Release|ARM.ActiveCfg = Release|ARM
		{5B5C6066-574F-43C2-8D02-9E3AD7379EC1}.Release|ARM.Build.0 = Release|ARM
		{5B5C6066-574F-43C2-8D02-9E3AD7379EC1}.Release|ARM.Deploy.0 = Release|ARM
		{5B5C6066-574F-43C2-8D02-9E3AD7379EC1}.Release|iPhone.ActiveCfg = Release|x86
		{5B5C6066-574F-43C2-8D02-9E3AD7379EC1}.Release|iPhone.Build.0 = Release|x86
		{5B5C6066-574F-43C2-8D02-9E3AD7379EC1}.Release|iPhone.Deploy.0 = Release|x86
		{5B5C6066-574F-43C2-8D02-9E3AD7379EC1}.Release|iPhoneSimulator.ActiveCfg = Release|x86
		{5B5C6066-574F-43C2-8D02-9E3AD7379EC1}.Release|iPhoneSimulator.Build.0 = Release|x86
		{5B5C6066-574F-43C2-8D02-9E3AD7379EC1}.Release|iPhoneSimulator.Deploy.0 = Release|x86
		{5B5C6066-574F-43C2-8D02-9E3AD7379EC1}.Release|x64.ActiveCfg = Release|x64
		{5B5C6066-574F-43C2-8D02-9E3AD7379EC1}.Release|x64.Build.0 = Release|x64
		{5B5C6066-574F-43C2-8D02-9E3AD7379EC1}.Release|x64.Deploy.0 = Release|x64
		{5B5C6066-574F-43C2-8D02-9E3AD7379EC1}.Release|x86.ActiveCfg = Release|x86
		{5B5C6066-574F-43C2-8D02-9E3AD7379EC1}.Release|x86.Build.0 = Release|x86
		{5B5C6066-574F-43C2-8D02-9E3AD7379EC1}.Release|x86.Deploy.0 = Release|x86
		{EFA6E7AD-2D88-486D-B4DB-149CDDE0497C}.Debug|Any CPU.ActiveCfg = Debug|Any CPU
		{EFA6E7AD-2D88-486D-B4DB-149CDDE0497C}.Debug|Any CPU.Build.0 = Debug|Any CPU
		{EFA6E7AD-2D88-486D-B4DB-149CDDE0497C}.Debug|Any CPU.Deploy.0 = Debug|Any CPU
		{EFA6E7AD-2D88-486D-B4DB-149CDDE0497C}.Debug|ARM.ActiveCfg = Debug|Any CPU
		{EFA6E7AD-2D88-486D-B4DB-149CDDE0497C}.Debug|ARM.Build.0 = Debug|Any CPU
		{EFA6E7AD-2D88-486D-B4DB-149CDDE0497C}.Debug|ARM.Deploy.0 = Debug|Any CPU
		{EFA6E7AD-2D88-486D-B4DB-149CDDE0497C}.Debug|iPhone.ActiveCfg = Debug|Any CPU
		{EFA6E7AD-2D88-486D-B4DB-149CDDE0497C}.Debug|iPhone.Build.0 = Debug|Any CPU
		{EFA6E7AD-2D88-486D-B4DB-149CDDE0497C}.Debug|iPhone.Deploy.0 = Debug|Any CPU
		{EFA6E7AD-2D88-486D-B4DB-149CDDE0497C}.Debug|iPhoneSimulator.ActiveCfg = Debug|Any CPU
		{EFA6E7AD-2D88-486D-B4DB-149CDDE0497C}.Debug|iPhoneSimulator.Build.0 = Debug|Any CPU
		{EFA6E7AD-2D88-486D-B4DB-149CDDE0497C}.Debug|iPhoneSimulator.Deploy.0 = Debug|Any CPU
		{EFA6E7AD-2D88-486D-B4DB-149CDDE0497C}.Debug|x64.ActiveCfg = Debug|Any CPU
		{EFA6E7AD-2D88-486D-B4DB-149CDDE0497C}.Debug|x64.Build.0 = Debug|Any CPU
		{EFA6E7AD-2D88-486D-B4DB-149CDDE0497C}.Debug|x64.Deploy.0 = Debug|Any CPU
		{EFA6E7AD-2D88-486D-B4DB-149CDDE0497C}.Debug|x86.ActiveCfg = Debug|Any CPU
		{EFA6E7AD-2D88-486D-B4DB-149CDDE0497C}.Debug|x86.Build.0 = Debug|Any CPU
		{EFA6E7AD-2D88-486D-B4DB-149CDDE0497C}.Debug|x86.Deploy.0 = Debug|Any CPU
		{EFA6E7AD-2D88-486D-B4DB-149CDDE0497C}.Release|Any CPU.ActiveCfg = Release|Any CPU
		{EFA6E7AD-2D88-486D-B4DB-149CDDE0497C}.Release|Any CPU.Build.0 = Release|Any CPU
		{EFA6E7AD-2D88-486D-B4DB-149CDDE0497C}.Release|Any CPU.Deploy.0 = Release|Any CPU
		{EFA6E7AD-2D88-486D-B4DB-149CDDE0497C}.Release|ARM.ActiveCfg = Release|Any CPU
		{EFA6E7AD-2D88-486D-B4DB-149CDDE0497C}.Release|ARM.Build.0 = Release|Any CPU
		{EFA6E7AD-2D88-486D-B4DB-149CDDE0497C}.Release|ARM.Deploy.0 = Release|Any CPU
		{EFA6E7AD-2D88-486D-B4DB-149CDDE0497C}.Release|iPhone.ActiveCfg = Release|Any CPU
		{EFA6E7AD-2D88-486D-B4DB-149CDDE0497C}.Release|iPhone.Build.0 = Release|Any CPU
		{EFA6E7AD-2D88-486D-B4DB-149CDDE0497C}.Release|iPhone.Deploy.0 = Release|Any CPU
		{EFA6E7AD-2D88-486D-B4DB-149CDDE0497C}.Release|iPhoneSimulator.ActiveCfg = Release|Any CPU
		{EFA6E7AD-2D88-486D-B4DB-149CDDE0497C}.Release|iPhoneSimulator.Build.0 = Release|Any CPU
		{EFA6E7AD-2D88-486D-B4DB-149CDDE0497C}.Release|iPhoneSimulator.Deploy.0 = Release|Any CPU
		{EFA6E7AD-2D88-486D-B4DB-149CDDE0497C}.Release|x64.ActiveCfg = Release|Any CPU
		{EFA6E7AD-2D88-486D-B4DB-149CDDE0497C}.Release|x64.Build.0 = Release|Any CPU
		{EFA6E7AD-2D88-486D-B4DB-149CDDE0497C}.Release|x64.Deploy.0 = Release|Any CPU
		{EFA6E7AD-2D88-486D-B4DB-149CDDE0497C}.Release|x86.ActiveCfg = Release|Any CPU
		{EFA6E7AD-2D88-486D-B4DB-149CDDE0497C}.Release|x86.Build.0 = Release|Any CPU
		{EFA6E7AD-2D88-486D-B4DB-149CDDE0497C}.Release|x86.Deploy.0 = Release|Any CPU
	EndGlobalSection
	GlobalSection(SolutionProperties) = preSolution
		HideSolutionNode = FALSE
	EndGlobalSection
	GlobalSection(ExtensibilityGlobals) = postSolution
		SolutionGuid = {5F6F0765-5906-4CA0-B3D7-2AF49B061CA6}
	EndGlobalSection
EndGlobal
